
Microsoft Visual Studio Solution File, Format Version 12.00
# Visual Studio Version 16
VisualStudioVersion = 16.0.32228.343
MinimumVisualStudioVersion = 10.0.40219.1
Project("{FAE04EC0-301F-11D3-BF4B-00C04F79EFBC}") = "Re Captch", "Re Captch\Re Captch.csproj", "{627D973A-5043-4700-B551-9B88F42DD7BD}"
EndProject
Global
	GlobalSection(SolutionConfigurationPlatforms) = preSolution
		Debug|Any CPU = Debug|Any CPU
		Release|Any CPU = Release|Any CPU
	EndGlobalSection
	GlobalSection(ProjectConfigurationPlatforms) = postSolution
		{627D973A-5043-4700-B551-9B88F42DD7BD}.Debug|Any CPU.ActiveCfg = Debug|Any CPU
		{627D973A-5043-4700-B551-9B88F42DD7BD}.Debug|Any CPU.Build.0 = Debug|Any CPU
		{627D973A-5043-4700-B551-9B88F42DD7BD}.Release|Any CPU.ActiveCfg = Release|Any CPU
		{627D973A-5043-4700-B551-9B88F42DD7BD}.Release|Any CPU.Build.0 = Release|Any CPU
	EndGlobalSection
	GlobalSection(SolutionProperties) = preSolution
		HideSolutionNode = FALSE
	EndGlobalSection
	GlobalSection(ExtensibilityGlobals) = postSolution
		SolutionGuid = {E23AD643-21FC-4BC8-BDD7-589278D7C117}
	EndGlobalSection
EndGlobal
